
Microsoft Visual Studio Solution File, Format Version 12.00
# Visual Studio Version 16
VisualStudioVersion = 16.0.28803.352
MinimumVisualStudioVersion = 10.0.40219.1
Project("{9A19103F-16F7-4668-BE54-9A1E7A4F7556}") = "AptBacs.PaymentProcessor.Application.Api", "AptBacs.PaymentProcessor.Application.Api\AptBacs.PaymentProcessor.Application.Api.csproj", "{4A29166B-3BF8-42C3-B714-FE9A3C843ADF}"
EndProject
Project("{9A19103F-16F7-4668-BE54-9A1E7A4F7556}") = "AptBacs.PaymentProcessor.Tests.Application", "AptBacs.PaymentProcessor.Tests.Application\AptBacs.PaymentProcessor.Tests.Application.csproj", "{43D433A8-C816-458D-BD1F-615EC457491C}"
EndProject
Project("{FAE04EC0-301F-11D3-BF4B-00C04F79EFBC}") = "AptBacs.PaymentProcessor.Application", "AptBacs.PaymentProcessor.Application\AptBacs.PaymentProcessor.Application.csproj", "{1DC62E2C-4C1B-4147-A29A-EB81498B23FA}"
EndProject
Project("{FAE04EC0-301F-11D3-BF4B-00C04F79EFBC}") = "AptBacs.PaymentProcessor.Domain", "AptBacs.PaymentProcessor.Domain\AptBacs.PaymentProcessor.Domain.csproj", "{6257797B-38A8-4DA2-A728-BDFD3891ED05}"
EndProject
Project("{FAE04EC0-301F-11D3-BF4B-00C04F79EFBC}") = "AptBacs.PaymentProcessor.Infrastructure", "AptBacs.PaymentProcessor.Infrastructure\AptBacs.PaymentProcessor.Infrastructure.csproj", "{66C2EDC6-0741-4CB8-BFB1-9CD422D4F505}"
EndProject
Project("{FAE04EC0-301F-11D3-BF4B-00C04F79EFBC}") = "AptBacs.Ui.Web", "AptBacs.Ui.Web\AptBacs.Ui.Web.csproj", "{D5301304-7FC8-4E9B-B32F-B32FA45FFA8F}"
EndProject
Global
	GlobalSection(SolutionConfigurationPlatforms) = preSolution
		Debug|Any CPU = Debug|Any CPU
		Release|Any CPU = Release|Any CPU
	EndGlobalSection
	GlobalSection(ProjectConfigurationPlatforms) = postSolution
		{4A29166B-3BF8-42C3-B714-FE9A3C843ADF}.Debug|Any CPU.ActiveCfg = Debug|Any CPU
		{4A29166B-3BF8-42C3-B714-FE9A3C843ADF}.Debug|Any CPU.Build.0 = Debug|Any CPU
		{4A29166B-3BF8-42C3-B714-FE9A3C843ADF}.Release|Any CPU.ActiveCfg = Release|Any CPU
		{4A29166B-3BF8-42C3-B714-FE9A3C843ADF}.Release|Any CPU.Build.0 = Release|Any CPU
		{43D433A8-C816-458D-BD1F-615EC457491C}.Debug|Any CPU.ActiveCfg = Debug|Any CPU
		{43D433A8-C816-458D-BD1F-615EC457491C}.Debug|Any CPU.Build.0 = Debug|Any CPU
		{43D433A8-C816-458D-BD1F-615EC457491C}.Release|Any CPU.ActiveCfg = Release|Any CPU
		{43D433A8-C816-458D-BD1F-615EC457491C}.Release|Any CPU.Build.0 = Release|Any CPU
		{1DC62E2C-4C1B-4147-A29A-EB81498B23FA}.Debug|Any CPU.ActiveCfg = Debug|Any CPU
		{1DC62E2C-4C1B-4147-A29A-EB81498B23FA}.Debug|Any CPU.Build.0 = Debug|Any CPU
		{1DC62E2C-4C1B-4147-A29A-EB81498B23FA}.Release|Any CPU.ActiveCfg = Release|Any CPU
		{1DC62E2C-4C1B-4147-A29A-EB81498B23FA}.Release|Any CPU.Build.0 = Release|Any CPU
		{6257797B-38A8-4DA2-A728-BDFD3891ED05}.Debug|Any CPU.ActiveCfg = Debug|Any CPU
		{6257797B-38A8-4DA2-A728-BDFD3891ED05}.Debug|Any CPU.Build.0 = Debug|Any CPU
		{6257797B-38A8-4DA2-A728-BDFD3891ED05}.Release|Any CPU.ActiveCfg = Release|Any CPU
		{6257797B-38A8-4DA2-A728-BDFD3891ED05}.Release|Any CPU.Build.0 = Release|Any CPU
		{66C2EDC6-0741-4CB8-BFB1-9CD422D4F505}.Debug|Any CPU.ActiveCfg = Debug|Any CPU
		{66C2EDC6-0741-4CB8-BFB1-9CD422D4F505}.Debug|Any CPU.Build.0 = Debug|Any CPU
		{66C2EDC6-0741-4CB8-BFB1-9CD422D4F505}.Release|Any CPU.ActiveCfg = Release|Any CPU
		{66C2EDC6-0741-4CB8-BFB1-9CD422D4F505}.Release|Any CPU.Build.0 = Release|Any CPU
		{D5301304-7FC8-4E9B-B32F-B32FA45FFA8F}.Debug|Any CPU.ActiveCfg = Debug|Any CPU
		{D5301304-7FC8-4E9B-B32F-B32FA45FFA8F}.Debug|Any CPU.Build.0 = Debug|Any CPU
		{D5301304-7FC8-4E9B-B32F-B32FA45FFA8F}.Release|Any CPU.ActiveCfg = Release|Any CPU
		{D5301304-7FC8-4E9B-B32F-B32FA45FFA8F}.Release|Any CPU.Build.0 = Release|Any CPU
	EndGlobalSection
	GlobalSection(SolutionProperties) = preSolution
		HideSolutionNode = FALSE
	EndGlobalSection
	GlobalSection(ExtensibilityGlobals) = postSolution
		SolutionGuid = {C7242540-9F38-456C-9BD5-4A1637C1AD2B}
	EndGlobalSection
EndGlobal
